
Microsoft Visual Studio Solution File, Format Version 12.00
# Visual Studio Version 17
VisualStudioVersion = 17.0.31912.275
MinimumVisualStudioVersion = 10.0.40219.1
Project("{FAE04EC0-301F-11D3-BF4B-00C04F79EFBC}") = "C9_CostManager", "C9_CostManager.csproj", "{64C4399B-11CC-4F83-BFFC-E1B180EC9A30}"
EndProject
Global
	GlobalSection(SolutionConfigurationPlatforms) = preSolution
		Debug|Any CPU = Debug|Any CPU
		Release|Any CPU = Release|Any CPU
	EndGlobalSection
	GlobalSection(ProjectConfigurationPlatforms) = postSolution
		{64C4399B-11CC-4F83-BFFC-E1B180EC9A30}.Debug|Any CPU.ActiveCfg = Debug|Any CPU
		{64C4399B-11CC-4F83-BFFC-E1B180EC9A30}.Debug|Any CPU.Build.0 = Debug|Any CPU
		{64C4399B-11CC-4F83-BFFC-E1B180EC9A30}.Release|Any CPU.ActiveCfg = Release|Any CPU
		{64C4399B-11CC-4F83-BFFC-E1B180EC9A30}.Release|Any CPU.Build.0 = Release|Any CPU
	EndGlobalSection
	GlobalSection(SolutionProperties) = preSolution
		HideSolutionNode = FALSE
	EndGlobalSection
	GlobalSection(ExtensibilityGlobals) = postSolution
		SolutionGuid = {8B70E800-0E46-4A25-BCA8-64257D82186D}
	EndGlobalSection
EndGlobal
